// !$*UTF8*$!
{
	archiveVersion = 1;
	classes = {
	};
	objectVersion = 46;
	objects = {

/* Begin PBXBuildFile section */
		B402F4F71DF7DA200018FCC3 /* Social.framework in Frameworks */ = {isa = PBXBuildFile; fileRef = B402F4F61DF7DA200018FCC3 /* Social.framework */; };
		B41503BE1E6973FD00A9F380 /* CustomPageControl.m in Sources */ = {isa = PBXBuildFile; fileRef = B41503BD1E6973FC00A9F380 /* CustomPageControl.m */; };
		B447872F1DD553C300C7C2E2 /* main.m in Sources */ = {isa = PBXBuildFile; fileRef = B447872E1DD553C300C7C2E2 /* main.m */; };
		B44787321DD553C300C7C2E2 /* AppDelegate.m in Sources */ = {isa = PBXBuildFile; fileRef = B44787311DD553C300C7C2E2 /* AppDelegate.m */; };
		B447873A1DD553C300C7C2E2 /* Assets.xcassets in Resources */ = {isa = PBXBuildFile; fileRef = B44787391DD553C300C7C2E2 /* Assets.xcassets */; };
		B447873D1DD553C300C7C2E2 /* LaunchScreen.storyboard in Resources */ = {isa = PBXBuildFile; fileRef = B447873B1DD553C300C7C2E2 /* LaunchScreen.storyboard */; };
		B44787471DD5541D00C7C2E2 /* MainViewController.m in Sources */ = {isa = PBXBuildFile; fileRef = B44787451DD5541D00C7C2E2 /* MainViewController.m */; };
		B44787481DD5541D00C7C2E2 /* MainViewController.xib in Resources */ = {isa = PBXBuildFile; fileRef = B44787461DD5541D00C7C2E2 /* MainViewController.xib */; };
		B447875C1DD5730000C7C2E2 /* NSString+EOCMyAdditions.m in Sources */ = {isa = PBXBuildFile; fileRef = B44787561DD5730000C7C2E2 /* NSString+EOCMyAdditions.m */; };
		B447875D1DD5730000C7C2E2 /* clsExam.mm in Sources */ = {isa = PBXBuildFile; fileRef = B44787591DD5730000C7C2E2 /* clsExam.mm */; };
		B447875E1DD5730000C7C2E2 /* EOCAutoDictionary.m in Sources */ = {isa = PBXBuildFile; fileRef = B447875B1DD5730000C7C2E2 /* EOCAutoDictionary.m */; };
		B44787611DD5761900C7C2E2 /* EOCSoundPlayer.m in Sources */ = {isa = PBXBuildFile; fileRef = B44787601DD5761900C7C2E2 /* EOCSoundPlayer.m */; };
		B44787641DD5A4BF00C7C2E2 /* clsEOCPerson.m in Sources */ = {isa = PBXBuildFile; fileRef = B44787631DD5A4BF00C7C2E2 /* clsEOCPerson.m */; };
		B4530C5D1E276501001A9D61 /* VPImageCropperViewController.m in Sources */ = {isa = PBXBuildFile; fileRef = B4530C5C1E276501001A9D61 /* VPImageCropperViewController.m */; };
		B45A29B11E31E46C00209419 /* UIImageView+ImageViewRadius.m in Sources */ = {isa = PBXBuildFile; fileRef = B45A29B01E31E46C00209419 /* UIImageView+ImageViewRadius.m */; };
		B45A29B41E31E57400209419 /* UIImage+ImageRadius.m in Sources */ = {isa = PBXBuildFile; fileRef = B45A29B31E31E57400209419 /* UIImage+ImageRadius.m */; };
		B45DED6B1DDD3C32006F87C1 /* FEPlaceHolderTextView.swift in Sources */ = {isa = PBXBuildFile; fileRef = B45DED6A1DDD3C32006F87C1 /* FEPlaceHolderTextView.swift */; };
		B463EEDA1DFE39D800008CE2 /* DetailViewController.m in Sources */ = {isa = PBXBuildFile; fileRef = B463EED81DFE39D800008CE2 /* DetailViewController.m */; };
		B463EEDB1DFE39D800008CE2 /* DetailViewController.xib in Resources */ = {isa = PBXBuildFile; fileRef = B463EED91DFE39D800008CE2 /* DetailViewController.xib */; };
		B468B5601DEEB0AD0064175E /* clsHello.mm in Sources */ = {isa = PBXBuildFile; fileRef = B468B55F1DEEB0AD0064175E /* clsHello.mm */; };
		B47072381E12091900EDC815 /* clsOtherFun.m in Sources */ = {isa = PBXBuildFile; fileRef = B47072371E12091900EDC815 /* clsOtherFun.m */; };
		B47D75381E77D6C500CB9904 /* UILabel+CustomFontLabel.m in Sources */ = {isa = PBXBuildFile; fileRef = B47D75371E77D6C500CB9904 /* UILabel+CustomFontLabel.m */; };
		B47D753A1E77EB0A00CB9904 /* Proxima Nova Light.ttf in Resources */ = {isa = PBXBuildFile; fileRef = B47D75391E77EB0A00CB9904 /* Proxima Nova Light.ttf */; };
		B47E6FBB1DEC2BBD00B10E22 /* clsWebServices.m in Sources */ = {isa = PBXBuildFile; fileRef = B47E6FBA1DEC2BBD00B10E22 /* clsWebServices.m */; };
		B4FC52C21DF812280019F0E7 /* clsDogName.m in Sources */ = {isa = PBXBuildFile; fileRef = B4FC52C11DF812280019F0E7 /* clsDogName.m */; };
		D0CA9538561D67FCB26AA0B8 /* Pods_SummaryPro.framework in Frameworks */ = {isa = PBXBuildFile; fileRef = F9111D6E9E9CBB5DE224D876 /* Pods_SummaryPro.framework */; };
/* End PBXBuildFile section */

/* Begin PBXFileReference section */
		3BFC1BC266967A7D88560452 /* Pods-SummaryPro.debug.xcconfig */ = {isa = PBXFileReference; includeInIndex = 1; lastKnownFileType = text.xcconfig; name = "Pods-SummaryPro.debug.xcconfig"; path = "Pods/Target Support Files/Pods-SummaryPro/Pods-SummaryPro.debug.xcconfig"; sourceTree = "<group>"; };
		50220A09EFBC81F3FB03E0C7 /* Pods-SummaryPro.release.xcconfig */ = {isa = PBXFileReference; includeInIndex = 1; lastKnownFileType = text.xcconfig; name = "Pods-SummaryPro.release.xcconfig"; path = "Pods/Target Support Files/Pods-SummaryPro/Pods-SummaryPro.release.xcconfig"; sourceTree = "<group>"; };
		B402F4F61DF7DA200018FCC3 /* Social.framework */ = {isa = PBXFileReference; lastKnownFileType = wrapper.framework; name = Social.framework; path = System/Library/Frameworks/Social.framework; sourceTree = SDKROOT; };
		B41503BC1E6973FC00A9F380 /* CustomPageControl.h */ = {isa = PBXFileReference; fileEncoding = 4; lastKnownFileType = sourcecode.c.h; path = CustomPageControl.h; sourceTree = "<group>"; };
		B41503BD1E6973FC00A9F380 /* CustomPageControl.m */ = {isa = PBXFileReference; fileEncoding = 4; lastKnownFileType = sourcecode.c.objc; path = CustomPageControl.m; sourceTree = "<group>"; };
		B447872A1DD553C300C7C2E2 /* SummaryPro.app */ = {isa = PBXFileReference; explicitFileType = wrapper.application; includeInIndex = 0; path = SummaryPro.app; sourceTree = BUILT_PRODUCTS_DIR; };
		B447872E1DD553C300C7C2E2 /* main.m */ = {isa = PBXFileReference; lastKnownFileType = sourcecode.c.objc; path = main.m; sourceTree = "<group>"; };
		B44787301DD553C300C7C2E2 /* AppDelegate.h */ = {isa = PBXFileReference; lastKnownFileType = sourcecode.c.h; path = AppDelegate.h; sourceTree = "<group>"; };
		B44787311DD553C300C7C2E2 /* AppDelegate.m */ = {isa = PBXFileReference; lastKnownFileType = sourcecode.c.objc; path = AppDelegate.m; sourceTree = "<group>"; };
		B44787391DD553C300C7C2E2 /* Assets.xcassets */ = {isa = PBXFileReference; lastKnownFileType = folder.assetcatalog; path = Assets.xcassets; sourceTree = "<group>"; };
		B447873C1DD553C300C7C2E2 /* Base */ = {isa = PBXFileReference; lastKnownFileType = file.storyboard; name = Base; path = Base.lproj/LaunchScreen.storyboard; sourceTree = "<group>"; };
		B447873E1DD553C300C7C2E2 /* Info.plist */ = {isa = PBXFileReference; lastKnownFileType = text.plist.xml; path = Info.plist; sourceTree = "<group>"; };
		B44787441DD5541D00C7C2E2 /* MainViewController.h */ = {isa = PBXFileReference; fileEncoding = 4; lastKnownFileType = sourcecode.c.h; path = MainViewController.h; sourceTree = "<group>"; };
		B44787451DD5541D00C7C2E2 /* MainViewController.m */ = {isa = PBXFileReference; fileEncoding = 4; lastKnownFileType = sourcecode.c.objc; path = MainViewController.m; sourceTree = "<group>"; };
		B44787461DD5541D00C7C2E2 /* MainViewController.xib */ = {isa = PBXFileReference; fileEncoding = 4; lastKnownFileType = file.xib; path = MainViewController.xib; sourceTree = "<group>"; };
		B44787551DD5730000C7C2E2 /* NSString+EOCMyAdditions.h */ = {isa = PBXFileReference; fileEncoding = 4; lastKnownFileType = sourcecode.c.h; path = "NSString+EOCMyAdditions.h"; sourceTree = "<group>"; };
		B44787561DD5730000C7C2E2 /* NSString+EOCMyAdditions.m */ = {isa = PBXFileReference; fileEncoding = 4; lastKnownFileType = sourcecode.c.objc; path = "NSString+EOCMyAdditions.m"; sourceTree = "<group>"; };
		B44787581DD5730000C7C2E2 /* clsExam.h */ = {isa = PBXFileReference; fileEncoding = 4; lastKnownFileType = sourcecode.c.h; path = clsExam.h; sourceTree = "<group>"; };
		B44787591DD5730000C7C2E2 /* clsExam.mm */ = {isa = PBXFileReference; fileEncoding = 4; lastKnownFileType = sourcecode.cpp.objcpp; path = clsExam.mm; sourceTree = "<group>"; };
		B447875A1DD5730000C7C2E2 /* EOCAutoDictionary.h */ = {isa = PBXFileReference; fileEncoding = 4; lastKnownFileType = sourcecode.c.h; path = EOCAutoDictionary.h; sourceTree = "<group>"; };
		B447875B1DD5730000C7C2E2 /* EOCAutoDictionary.m */ = {isa = PBXFileReference; fileEncoding = 4; lastKnownFileType = sourcecode.c.objc; path = EOCAutoDictionary.m; sourceTree = "<group>"; };
		B447875F1DD5761900C7C2E2 /* EOCSoundPlayer.h */ = {isa = PBXFileReference; fileEncoding = 4; lastKnownFileType = sourcecode.c.h; path = EOCSoundPlayer.h; sourceTree = "<group>"; };
		B44787601DD5761900C7C2E2 /* EOCSoundPlayer.m */ = {isa = PBXFileReference; fileEncoding = 4; lastKnownFileType = sourcecode.c.objc; path = EOCSoundPlayer.m; sourceTree = "<group>"; };
		B44787621DD5A4BF00C7C2E2 /* clsEOCPerson.h */ = {isa = PBXFileReference; fileEncoding = 4; lastKnownFileType = sourcecode.c.h; path = clsEOCPerson.h; sourceTree = "<group>"; };
		B44787631DD5A4BF00C7C2E2 /* clsEOCPerson.m */ = {isa = PBXFileReference; fileEncoding = 4; lastKnownFileType = sourcecode.c.objc; path = clsEOCPerson.m; sourceTree = "<group>"; };
		B4530C5B1E276501001A9D61 /* VPImageCropperViewController.h */ = {isa = PBXFileReference; fileEncoding = 4; lastKnownFileType = sourcecode.c.h; path = VPImageCropperViewController.h; sourceTree = "<group>"; };
		B4530C5C1E276501001A9D61 /* VPImageCropperViewController.m */ = {isa = PBXFileReference; fileEncoding = 4; lastKnownFileType = sourcecode.c.objc; path = VPImageCropperViewController.m; sourceTree = "<group>"; };
		B45A29AF1E31E46C00209419 /* UIImageView+ImageViewRadius.h */ = {isa = PBXFileReference; fileEncoding = 4; lastKnownFileType = sourcecode.c.h; path = "UIImageView+ImageViewRadius.h"; sourceTree = "<group>"; };
		B45A29B01E31E46C00209419 /* UIImageView+ImageViewRadius.m */ = {isa = PBXFileReference; fileEncoding = 4; lastKnownFileType = sourcecode.c.objc; path = "UIImageView+ImageViewRadius.m"; sourceTree = "<group>"; };
		B45A29B21E31E57400209419 /* UIImage+ImageRadius.h */ = {isa = PBXFileReference; fileEncoding = 4; lastKnownFileType = sourcecode.c.h; path = "UIImage+ImageRadius.h"; sourceTree = "<group>"; };
		B45A29B31E31E57400209419 /* UIImage+ImageRadius.m */ = {isa = PBXFileReference; fileEncoding = 4; lastKnownFileType = sourcecode.c.objc; path = "UIImage+ImageRadius.m"; sourceTree = "<group>"; };
		B45CE6011DF699AA00B5446B /* SummaryPro.entitlements */ = {isa = PBXFileReference; lastKnownFileType = text.plist.entitlements; path = SummaryPro.entitlements; sourceTree = "<group>"; };
		B45DED671DDD3BCA006F87C1 /* SummaryPro-Bridging-Header.h */ = {isa = PBXFileReference; lastKnownFileType = sourcecode.c.h; path = "SummaryPro-Bridging-Header.h"; sourceTree = "<group>"; };
		B45DED6A1DDD3C32006F87C1 /* FEPlaceHolderTextView.swift */ = {isa = PBXFileReference; fileEncoding = 4; lastKnownFileType = sourcecode.swift; path = FEPlaceHolderTextView.swift; sourceTree = "<group>"; };
		B463EED71DFE39D800008CE2 /* DetailViewController.h */ = {isa = PBXFileReference; fileEncoding = 4; lastKnownFileType = sourcecode.c.h; path = DetailViewController.h; sourceTree = "<group>"; };
		B463EED81DFE39D800008CE2 /* DetailViewController.m */ = {isa = PBXFileReference; fileEncoding = 4; lastKnownFileType = sourcecode.c.objc; path = DetailViewController.m; sourceTree = "<group>"; };
		B463EED91DFE39D800008CE2 /* DetailViewController.xib */ = {isa = PBXFileReference; fileEncoding = 4; lastKnownFileType = file.xib; path = DetailViewController.xib; sourceTree = "<group>"; };
		B468B55E1DEEB0AD0064175E /* clsHello.h */ = {isa = PBXFileReference; fileEncoding = 4; lastKnownFileType = sourcecode.c.h; path = clsHello.h; sourceTree = "<group>"; };
		B468B55F1DEEB0AD0064175E /* clsHello.mm */ = {isa = PBXFileReference; fileEncoding = 4; lastKnownFileType = sourcecode.cpp.objcpp; path = clsHello.mm; sourceTree = "<group>"; };
		B47072361E12091900EDC815 /* clsOtherFun.h */ = {isa = PBXFileReference; fileEncoding = 4; lastKnownFileType = sourcecode.c.h; path = clsOtherFun.h; sourceTree = "<group>"; };
		B47072371E12091900EDC815 /* clsOtherFun.m */ = {isa = PBXFileReference; fileEncoding = 4; lastKnownFileType = sourcecode.c.objc; path = clsOtherFun.m; sourceTree = "<group>"; };
		B47072391E120A7300EDC815 /* PrefixHeader.pch */ = {isa = PBXFileReference; lastKnownFileType = sourcecode.c.h; path = PrefixHeader.pch; sourceTree = "<group>"; };
		B47D75361E77D6C500CB9904 /* UILabel+CustomFontLabel.h */ = {isa = PBXFileReference; fileEncoding = 4; lastKnownFileType = sourcecode.c.h; path = "UILabel+CustomFontLabel.h"; sourceTree = "<group>"; };
		B47D75371E77D6C500CB9904 /* UILabel+CustomFontLabel.m */ = {isa = PBXFileReference; fileEncoding = 4; lastKnownFileType = sourcecode.c.objc; path = "UILabel+CustomFontLabel.m"; sourceTree = "<group>"; };
		B47D75391E77EB0A00CB9904 /* Proxima Nova Light.ttf */ = {isa = PBXFileReference; lastKnownFileType = file; path = "Proxima Nova Light.ttf"; sourceTree = "<group>"; };
		B47E6FB91DEC2BBD00B10E22 /* clsWebServices.h */ = {isa = PBXFileReference; fileEncoding = 4; lastKnownFileType = sourcecode.c.h; path = clsWebServices.h; sourceTree = "<group>"; };
		B47E6FBA1DEC2BBD00B10E22 /* clsWebServices.m */ = {isa = PBXFileReference; fileEncoding = 4; lastKnownFileType = sourcecode.c.objc; path = clsWebServices.m; sourceTree = "<group>"; };
		B4FC52C01DF812280019F0E7 /* clsDogName.h */ = {isa = PBXFileReference; fileEncoding = 4; lastKnownFileType = sourcecode.c.h; path = clsDogName.h; sourceTree = "<group>"; };
		B4FC52C11DF812280019F0E7 /* clsDogName.m */ = {isa = PBXFileReference; fileEncoding = 4; lastKnownFileType = sourcecode.c.objc; path = clsDogName.m; sourceTree = "<group>"; };
		F9111D6E9E9CBB5DE224D876 /* Pods_SummaryPro.framework */ = {isa = PBXFileReference; explicitFileType = wrapper.framework; includeInIndex = 0; path = Pods_SummaryPro.framework; sourceTree = BUILT_PRODUCTS_DIR; };
/* End PBXFileReference section */

/* Begin PBXFrameworksBuildPhase section */
		B44787271DD553C300C7C2E2 /* Frameworks */ = {
			isa = PBXFrameworksBuildPhase;
			buildActionMask = 2147483647;
			files = (
				B402F4F71DF7DA200018FCC3 /* Social.framework in Frameworks */,
				D0CA9538561D67FCB26AA0B8 /* Pods_SummaryPro.framework in Frameworks */,
			);
			runOnlyForDeploymentPostprocessing = 0;
		};
/* End PBXFrameworksBuildPhase section */

/* Begin PBXGroup section */
		B402F4F51DF7DA200018FCC3 /* Frameworks */ = {
			isa = PBXGroup;
			children = (
				B402F4F61DF7DA200018FCC3 /* Social.framework */,
				F9111D6E9E9CBB5DE224D876 /* Pods_SummaryPro.framework */,
			);
			name = Frameworks;
			sourceTree = "<group>";
		};
		B44787211DD553C300C7C2E2 = {
			isa = PBXGroup;
			children = (
				B447872C1DD553C300C7C2E2 /* SummaryPro */,
				B447872B1DD553C300C7C2E2 /* Products */,
				B402F4F51DF7DA200018FCC3 /* Frameworks */,
				CD0BD4FA27122989773F7AA6 /* Pods */,
			);
			sourceTree = "<group>";
		};
		B447872B1DD553C300C7C2E2 /* Products */ = {
			isa = PBXGroup;
			children = (
				B447872A1DD553C300C7C2E2 /* SummaryPro.app */,
			);
			name = Products;
			sourceTree = "<group>";
		};
		B447872C1DD553C300C7C2E2 /* SummaryPro */ = {
			isa = PBXGroup;
			children = (
				B45CE6011DF699AA00B5446B /* SummaryPro.entitlements */,
				B4530C5A1E276501001A9D61 /* VPImageCropper */,
				B44787541DD5730000C7C2E2 /* Category */,
				B44787571DD5730000C7C2E2 /* Class */,
				B44787301DD553C300C7C2E2 /* AppDelegate.h */,
				B44787311DD553C300C7C2E2 /* AppDelegate.m */,
				B44787441DD5541D00C7C2E2 /* MainViewController.h */,
				B44787451DD5541D00C7C2E2 /* MainViewController.m */,
				B44787461DD5541D00C7C2E2 /* MainViewController.xib */,
				B447875F1DD5761900C7C2E2 /* EOCSoundPlayer.h */,
				B44787601DD5761900C7C2E2 /* EOCSoundPlayer.m */,
				B463EED71DFE39D800008CE2 /* DetailViewController.h */,
				B463EED81DFE39D800008CE2 /* DetailViewController.m */,
				B463EED91DFE39D800008CE2 /* DetailViewController.xib */,
				B44787391DD553C300C7C2E2 /* Assets.xcassets */,
				B447873B1DD553C300C7C2E2 /* LaunchScreen.storyboard */,
				B447873E1DD553C300C7C2E2 /* Info.plist */,
				B447872D1DD553C300C7C2E2 /* Supporting Files */,
			);
			path = SummaryPro;
			sourceTree = "<group>";
		};
		B447872D1DD553C300C7C2E2 /* Supporting Files */ = {
			isa = PBXGroup;
			children = (
				B47D75391E77EB0A00CB9904 /* Proxima Nova Light.ttf */,
				B447872E1DD553C300C7C2E2 /* main.m */,
				B47072391E120A7300EDC815 /* PrefixHeader.pch */,
			);
			name = "Supporting Files";
			sourceTree = "<group>";
		};
		B44787541DD5730000C7C2E2 /* Category */ = {
			isa = PBXGroup;
			children = (
				B44787551DD5730000C7C2E2 /* NSString+EOCMyAdditions.h */,
				B44787561DD5730000C7C2E2 /* NSString+EOCMyAdditions.m */,
				B45A29AF1E31E46C00209419 /* UIImageView+ImageViewRadius.h */,
				B45A29B01E31E46C00209419 /* UIImageView+ImageViewRadius.m */,
				B45A29B21E31E57400209419 /* UIImage+ImageRadius.h */,
				B45A29B31E31E57400209419 /* UIImage+ImageRadius.m */,
				B47D75361E77D6C500CB9904 /* UILabel+CustomFontLabel.h */,
				B47D75371E77D6C500CB9904 /* UILabel+CustomFontLabel.m */,
			);
			path = Category;
			sourceTree = "<group>";
		};
		B44787571DD5730000C7C2E2 /* Class */ = {
			isa = PBXGroup;
			children = (
				B41503BC1E6973FC00A9F380 /* CustomPageControl.h */,
				B41503BD1E6973FC00A9F380 /* CustomPageControl.m */,
				B45DED6A1DDD3C32006F87C1 /* FEPlaceHolderTextView.swift */,
				B44787581DD5730000C7C2E2 /* clsExam.h */,
				B44787591DD5730000C7C2E2 /* clsExam.mm */,
				B447875A1DD5730000C7C2E2 /* EOCAutoDictionary.h */,
				B447875B1DD5730000C7C2E2 /* EOCAutoDictionary.m */,
				B44787621DD5A4BF00C7C2E2 /* clsEOCPerson.h */,
				B44787631DD5A4BF00C7C2E2 /* clsEOCPerson.m */,
				B45DED671DDD3BCA006F87C1 /* SummaryPro-Bridging-Header.h */,
				B47E6FB91DEC2BBD00B10E22 /* clsWebServices.h */,
				B47E6FBA1DEC2BBD00B10E22 /* clsWebServices.m */,
				B468B55E1DEEB0AD0064175E /* clsHello.h */,
				B468B55F1DEEB0AD0064175E /* clsHello.mm */,
				B4FC52C01DF812280019F0E7 /* clsDogName.h */,
				B4FC52C11DF812280019F0E7 /* clsDogName.m */,
				B47072361E12091900EDC815 /* clsOtherFun.h */,
				B47072371E12091900EDC815 /* clsOtherFun.m */,
			);
			path = Class;
			sourceTree = "<group>";
		};
		B4530C5A1E276501001A9D61 /* VPImageCropper */ = {
			isa = PBXGroup;
			children = (
				B4530C5B1E276501001A9D61 /* VPImageCropperViewController.h */,
				B4530C5C1E276501001A9D61 /* VPImageCropperViewController.m */,
			);
			path = VPImageCropper;
			sourceTree = "<group>";
		};
		CD0BD4FA27122989773F7AA6 /* Pods */ = {
			isa = PBXGroup;
			children = (
				3BFC1BC266967A7D88560452 /* Pods-SummaryPro.debug.xcconfig */,
				50220A09EFBC81F3FB03E0C7 /* Pods-SummaryPro.release.xcconfig */,
			);
			name = Pods;
			sourceTree = "<group>";
		};
/* End PBXGroup section */

/* Begin PBXNativeTarget section */
		B44787291DD553C300C7C2E2 /* SummaryPro */ = {
			isa = PBXNativeTarget;
			buildConfigurationList = B44787411DD553C300C7C2E2 /* Build configuration list for PBXNativeTarget "SummaryPro" */;
			buildPhases = (
				CE63BE8E883ACAEB9817CF96 /* [CP] Check Pods Manifest.lock */,
				B44787261DD553C300C7C2E2 /* Sources */,
				B44787271DD553C300C7C2E2 /* Frameworks */,
				B44787281DD553C300C7C2E2 /* Resources */,
				5736C8C5FAC759C94FBFEDEE /* [CP] Embed Pods Frameworks */,
				139803D40B918D6EBD6F66F5 /* [CP] Copy Pods Resources */,
			);
			buildRules = (
			);
			dependencies = (
			);
			name = SummaryPro;
			productName = SummaryPro;
			productReference = B447872A1DD553C300C7C2E2 /* SummaryPro.app */;
			productType = "com.apple.product-type.application";
		};
/* End PBXNativeTarget section */

/* Begin PBXProject section */
		B44787221DD553C300C7C2E2 /* Project object */ = {
			isa = PBXProject;
			attributes = {
				LastUpgradeCheck = 0810;
				ORGANIZATIONNAME = huweidong;
				TargetAttributes = {
					B44787291DD553C300C7C2E2 = {
						CreatedOnToolsVersion = 8.1;
						DevelopmentTeam = TKAQTCSP88;
						LastSwiftMigration = 0810;
						ProvisioningStyle = Automatic;
						SystemCapabilities = {
							com.apple.Push = {
								enabled = 0;
							};
						};
					};
				};
			};
			buildConfigurationList = B44787251DD553C300C7C2E2 /* Build configuration list for PBXProject "SummaryPro" */;
			compatibilityVersion = "Xcode 3.2";
			developmentRegion = English;
			hasScannedForEncodings = 0;
			knownRegions = (
				en,
				Base,
			);
			mainGroup = B44787211DD553C300C7C2E2;
			productRefGroup = B447872B1DD553C300C7C2E2 /* Products */;
			projectDirPath = "";
			projectRoot = "";
			targets = (
				B44787291DD553C300C7C2E2 /* SummaryPro */,
			);
		};
/* End PBXProject section */

/* Begin PBXResourcesBuildPhase section */
		B44787281DD553C300C7C2E2 /* Resources */ = {
			isa = PBXResourcesBuildPhase;
			buildActionMask = 2147483647;
			files = (
				B447873D1DD553C300C7C2E2 /* LaunchScreen.storyboard in Resources */,
				B44787481DD5541D00C7C2E2 /* MainViewController.xib in Resources */,
				B447873A1DD553C300C7C2E2 /* Assets.xcassets in Resources */,
				B47D753A1E77EB0A00CB9904 /* Proxima Nova Light.ttf in Resources */,
				B463EEDB1DFE39D800008CE2 /* DetailViewController.xib in Resources */,
			);
			runOnlyForDeploymentPostprocessing = 0;
		};
/* End PBXResourcesBuildPhase section */

/* Begin PBXShellScriptBuildPhase section */
		139803D40B918D6EBD6F66F5 /* [CP] Copy Pods Resources */ = {
			isa = PBXShellScriptBuildPhase;
			buildActionMask = 2147483647;
			files = (
			);
			inputPaths = (
			);
			name = "[CP] Copy Pods Resources";
			outputPaths = (
			);
			runOnlyForDeploymentPostprocessing = 0;
			shellPath = /bin/sh;
			shellScript = "\"${SRCROOT}/Pods/Target Support Files/Pods-SummaryPro/Pods-SummaryPro-resources.sh\"\n";
			showEnvVarsInLog = 0;
		};
		5736C8C5FAC759C94FBFEDEE /* [CP] Embed Pods Frameworks */ = {
			isa = PBXShellScriptBuildPhase;
			buildActionMask = 2147483647;
			files = (
			);
			inputPaths = (
			);
			name = "[CP] Embed Pods Frameworks";
			outputPaths = (
			);
			runOnlyForDeploymentPostprocessing = 0;
			shellPath = /bin/sh;
			shellScript = "\"${SRCROOT}/Pods/Target Support Files/Pods-SummaryPro/Pods-SummaryPro-frameworks.sh\"\n";
			showEnvVarsInLog = 0;
		};
		CE63BE8E883ACAEB9817CF96 /* [CP] Check Pods Manifest.lock */ = {
			isa = PBXShellScriptBuildPhase;
			buildActionMask = 2147483647;
			files = (
			);
			inputPaths = (
			);
			name = "[CP] Check Pods Manifest.lock";
			outputPaths = (
			);
			runOnlyForDeploymentPostprocessing = 0;
			shellPath = /bin/sh;
			shellScript = "diff \"${PODS_ROOT}/../Podfile.lock\" \"${PODS_ROOT}/Manifest.lock\" > /dev/null\nif [ $? != 0 ] ; then\n    # print error to STDERR\n    echo \"error: The sandbox is not in sync with the Podfile.lock. Run 'pod install' or update your CocoaPods installation.\" >&2\n    exit 1\nfi\n";
			showEnvVarsInLog = 0;
		};
/* End PBXShellScriptBuildPhase section */

/* Begin PBXSourcesBuildPhase section */
		B44787261DD553C300C7C2E2 /* Sources */ = {
			isa = PBXSourcesBuildPhase;
			buildActionMask = 2147483647;
			files = (
				B468B5601DEEB0AD0064175E /* clsHello.mm in Sources */,
				B44787611DD5761900C7C2E2 /* EOCSoundPlayer.m in Sources */,
				B44787641DD5A4BF00C7C2E2 /* clsEOCPerson.m in Sources */,
				B47D75381E77D6C500CB9904 /* UILabel+CustomFontLabel.m in Sources */,
				B44787321DD553C300C7C2E2 /* AppDelegate.m in Sources */,
				B44787471DD5541D00C7C2E2 /* MainViewController.m in Sources */,
				B45A29B11E31E46C00209419 /* UIImageView+ImageViewRadius.m in Sources */,
				B45A29B41E31E57400209419 /* UIImage+ImageRadius.m in Sources */,
				B4530C5D1E276501001A9D61 /* VPImageCropperViewController.m in Sources */,
				B447875E1DD5730000C7C2E2 /* EOCAutoDictionary.m in Sources */,
				B47E6FBB1DEC2BBD00B10E22 /* clsWebServices.m in Sources */,
				B447875D1DD5730000C7C2E2 /* clsExam.mm in Sources */,
				B4FC52C21DF812280019F0E7 /* clsDogName.m in Sources */,
				B463EEDA1DFE39D800008CE2 /* DetailViewController.m in Sources */,
				B447872F1DD553C300C7C2E2 /* main.m in Sources */,
				B45DED6B1DDD3C32006F87C1 /* FEPlaceHolderTextView.swift in Sources */,
				B447875C1DD5730000C7C2E2 /* NSString+EOCMyAdditions.m in Sources */,
				B47072381E12091900EDC815 /* clsOtherFun.m in Sources */,
				B41503BE1E6973FD00A9F380 /* CustomPageControl.m in Sources */,
			);
			runOnlyForDeploymentPostprocessing = 0;
		};
/* End PBXSourcesBuildPhase section */

/* Begin PBXVariantGroup section */
		B447873B1DD553C300C7C2E2 /* LaunchScreen.storyboard */ = {
			isa = PBXVariantGroup;
			children = (
				B447873C1DD553C300C7C2E2 /* Base */,
			);
			name = LaunchScreen.storyboard;
			sourceTree = "<group>";
		};
/* End PBXVariantGroup section */

/* Begin XCBuildConfiguration section */
		B447873F1DD553C300C7C2E2 /* Debug */ = {
			isa = XCBuildConfiguration;
			buildSettings = {
				ALWAYS_SEARCH_USER_PATHS = NO;
				CLANG_ANALYZER_NONNULL = YES;
				CLANG_CXX_LANGUAGE_STANDARD = "gnu++0x";
				CLANG_CXX_LIBRARY = "libc++";
				CLANG_ENABLE_MODULES = YES;
				CLANG_ENABLE_OBJC_ARC = YES;
				CLANG_WARN_BOOL_CONVERSION = YES;
				CLANG_WARN_CONSTANT_CONVERSION = YES;
				CLANG_WARN_DIRECT_OBJC_ISA_USAGE = YES_ERROR;
				CLANG_WARN_DOCUMENTATION_COMMENTS = YES;
				CLANG_WARN_EMPTY_BODY = YES;
				CLANG_WARN_ENUM_CONVERSION = YES;
				CLANG_WARN_INFINITE_RECURSION = YES;
				CLANG_WARN_INT_CONVERSION = YES;
				CLANG_WARN_OBJC_ROOT_CLASS = YES_ERROR;
				CLANG_WARN_SUSPICIOUS_MOVES = YES;
				CLANG_WARN_UNREACHABLE_CODE = YES;
				CLANG_WARN__DUPLICATE_METHOD_MATCH = YES;
				"CODE_SIGN_IDENTITY[sdk=iphoneos*]" = "iPhone Developer";
				COPY_PHASE_STRIP = NO;
				DEBUG_INFORMATION_FORMAT = dwarf;
				ENABLE_STRICT_OBJC_MSGSEND = YES;
				ENABLE_TESTABILITY = YES;
				GCC_C_LANGUAGE_STANDARD = gnu99;
				GCC_DYNAMIC_NO_PIC = NO;
				GCC_NO_COMMON_BLOCKS = YES;
				GCC_OPTIMIZATION_LEVEL = 0;
				GCC_PREPROCESSOR_DEFINITIONS = (
					"DEBUG=1",
					"$(inherited)",
				);
				GCC_WARN_64_TO_32_BIT_CONVERSION = YES;
				GCC_WARN_ABOUT_RETURN_TYPE = YES_ERROR;
				GCC_WARN_UNDECLARED_SELECTOR = YES;
				GCC_WARN_UNINITIALIZED_AUTOS = YES_AGGRESSIVE;
				GCC_WARN_UNUSED_FUNCTION = YES;
				GCC_WARN_UNUSED_VARIABLE = YES;
				IPHONEOS_DEPLOYMENT_TARGET = 10.1;
				MTL_ENABLE_DEBUG_INFO = YES;
				ONLY_ACTIVE_ARCH = YES;
				SDKROOT = iphoneos;
			};
			name = Debug;
		};
		B44787401DD553C300C7C2E2 /* Release */ = {
			isa = XCBuildConfiguration;
			buildSettings = {
				ALWAYS_SEARCH_USER_PATHS = NO;
				CLANG_ANALYZER_NONNULL = YES;
				CLANG_CXX_LANGUAGE_STANDARD = "gnu++0x";
				CLANG_CXX_LIBRARY = "libc++";
				CLANG_ENABLE_MODULES = YES;
				CLANG_ENABLE_OBJC_ARC = YES;
				CLANG_WARN_BOOL_CONVERSION = YES;
				CLANG_WARN_CONSTANT_CONVERSION = YES;
				CLANG_WARN_DIRECT_OBJC_ISA_USAGE = YES_ERROR;
				CLANG_WARN_DOCUMENTATION_COMMENTS = YES;
				CLANG_WARN_EMPTY_BODY = YES;
				CLANG_WARN_ENUM_CONVERSION = YES;
				CLANG_WARN_INFINITE_RECURSION = YES;
				CLANG_WARN_INT_CONVERSION = YES;
				CLANG_WARN_OBJC_ROOT_CLASS = YES_ERROR;
				CLANG_WARN_SUSPICIOUS_MOVES = YES;
				CLANG_WARN_UNREACHABLE_CODE = YES;
				CLANG_WARN__DUPLICATE_METHOD_MATCH = YES;
				"CODE_SIGN_IDENTITY[sdk=iphoneos*]" = "iPhone Developer";
				COPY_PHASE_STRIP = NO;
				DEBUG_INFORMATION_FORMAT = "dwarf-with-dsym";
				ENABLE_NS_ASSERTIONS = NO;
				ENABLE_STRICT_OBJC_MSGSEND = YES;
				GCC_C_LANGUAGE_STANDARD = gnu99;
				GCC_NO_COMMON_BLOCKS = YES;
				GCC_WARN_64_TO_32_BIT_CONVERSION = YES;
				GCC_WARN_ABOUT_RETURN_TYPE = YES_ERROR;
				GCC_WARN_UNDECLARED_SELECTOR = YES;
				GCC_WARN_UNINITIALIZED_AUTOS = YES_AGGRESSIVE;
				GCC_WARN_UNUSED_FUNCTION = YES;
				GCC_WARN_UNUSED_VARIABLE = YES;
				IPHONEOS_DEPLOYMENT_TARGET = 10.1;
				MTL_ENABLE_DEBUG_INFO = NO;
				SDKROOT = iphoneos;
				VALIDATE_PRODUCT = YES;
			};
			name = Release;
		};
		B44787421DD553C300C7C2E2 /* Debug */ = {
			isa = XCBuildConfiguration;
			baseConfigurationReference = 3BFC1BC266967A7D88560452 /* Pods-SummaryPro.debug.xcconfig */;
			buildSettings = {
				ASSETCATALOG_COMPILER_APPICON_NAME = AppIcon;
				CLANG_ENABLE_MODULES = YES;
				DEFINES_MODULE = YES;
				DEVELOPMENT_TEAM = TKAQTCSP88;
				GCC_INPUT_FILETYPE = automatic;
				GCC_PRECOMPILE_PREFIX_HEADER = YES;
				GCC_PREFIX_HEADER = "$(SRCROOT)/SummaryPro/PrefixHeader.pch";
				INFOPLIST_FILE = SummaryPro/Info.plist;
				IPHONEOS_DEPLOYMENT_TARGET = 8.0;
				LD_RUNPATH_SEARCH_PATHS = "$(inherited) @executable_path/Frameworks";
				PRODUCT_BUNDLE_IDENTIFIER = com.zxd.item.SummaryPro;
				PRODUCT_NAME = "$(TARGET_NAME)";
				SWIFT_OBJC_BRIDGING_HEADER = "SummaryPro/Class/SummaryPro-Bridging-Header.h";
				SWIFT_OPTIMIZATION_LEVEL = "-Onone";
				SWIFT_VERSION = 3.0;
			};
			name = Debug;
		};
		B44787431DD553C300C7C2E2 /* Release */ = {
			isa = XCBuildConfiguration;
			baseConfigurationReference = 50220A09EFBC81F3FB03E0C7 /* Pods-SummaryPro.release.xcconfig */;
			buildSettings = {
				ASSETCATALOG_COMPILER_APPICON_NAME = AppIcon;
				CLANG_ENABLE_MODULES = YES;
				DEFINES_MODULE = YES;
				DEVELOPMENT_TEAM = TKAQTCSP88;
				GCC_INPUT_FILETYPE = automatic;
				GCC_PRECOMPILE_PREFIX_HEADER = YES;
				GCC_PREFIX_HEADER = "$(SRCROOT)/SummaryPro/PrefixHeader.pch";
				INFOPLIST_FILE = SummaryPro/Info.plist;
				IPHONEOS_DEPLOYMENT_TARGET = 8.0;
				LD_RUNPATH_SEARCH_PATHS = "$(inherited) @executable_path/Frameworks";
				PRODUCT_BUNDLE_IDENTIFIER = com.zxd.item.SummaryPro;
				PRODUCT_NAME = "$(TARGET_NAME)";
				SWIFT_OBJC_BRIDGING_HEADER = "SummaryPro/Class/SummaryPro-Bridging-Header.h";
				SWIFT_VERSION = 3.0;
			};
			name = Release;
		};
/* End XCBuildConfiguration section */

/* Begin XCConfigurationList section */
		B44787251DD553C300C7C2E2 /* Build configuration list for PBXProject "SummaryPro" */ = {
			isa = XCConfigurationList;
			buildConfigurations = (
				B447873F1DD553C300C7C2E2 /* Debug */,
				B44787401DD553C300C7C2E2 /* Release */,
			);
			defaultConfigurationIsVisible = 0;
			defaultConfigurationName = Release;
		};
		B44787411DD553C300C7C2E2 /* Build configuration list for PBXNativeTarget "SummaryPro" */ = {
			isa = XCConfigurationList;
			buildConfigurations = (
				B44787421DD553C300C7C2E2 /* Debug */,
				B44787431DD553C300C7C2E2 /* Release */,
			);
			defaultConfigurationIsVisible = 0;
			defaultConfigurationName = Release;
		};
/* End XCConfigurationList section */
	};
	rootObject = B44787221DD553C300C7C2E2 /* Project object */;
}
